
Microsoft Visual Studio Solution File, Format Version 12.00
# Visual Studio Version 17
VisualStudioVersion = 17.5.33424.131
MinimumVisualStudioVersion = 10.0.40219.1
Project("{FAE04EC0-301F-11D3-BF4B-00C04F79EFBC}") = "Ucus_RezervasyonPaneli", "Ucus_RezervasyonPaneli\Ucus_RezervasyonPaneli.csproj", "{26100D84-1E7B-4BAE-86A8-281B51F4113F}"
EndProject
Global
	GlobalSection(SolutionConfigurationPlatforms) = preSolution
		Debug|Any CPU = Debug|Any CPU
		Release|Any CPU = Release|Any CPU
	EndGlobalSection
	GlobalSection(ProjectConfigurationPlatforms) = postSolution
		{26100D84-1E7B-4BAE-86A8-281B51F4113F}.Debug|Any CPU.ActiveCfg = Debug|Any CPU
		{26100D84-1E7B-4BAE-86A8-281B51F4113F}.Debug|Any CPU.Build.0 = Debug|Any CPU
		{26100D84-1E7B-4BAE-86A8-281B51F4113F}.Release|Any CPU.ActiveCfg = Release|Any CPU
		{26100D84-1E7B-4BAE-86A8-281B51F4113F}.Release|Any CPU.Build.0 = Release|Any CPU
	EndGlobalSection
	GlobalSection(SolutionProperties) = preSolution
		HideSolutionNode = FALSE
	EndGlobalSection
	GlobalSection(ExtensibilityGlobals) = postSolution
		SolutionGuid = {FA6B87E9-A20A-4A7F-8748-90C0FF37C180}
	EndGlobalSection
EndGlobal
